
Microsoft Visual Studio Solution File, Format Version 12.00
# Visual Studio 15
VisualStudioVersion = 15.0.27703.2042
MinimumVisualStudioVersion = 10.0.40219.1
Project("{9A19103F-16F7-4668-BE54-9A1E7A4F7556}") = "AspNetCoreGlobalErrorHandling", "AspNetCoreGlobalErrorHandling\AspNetCoreGlobalErrorHandling.csproj", "{59BA997D-C7A9-4607-9E9B-79AB3EFAC11D}"
EndProject
Project("{9A19103F-16F7-4668-BE54-9A1E7A4F7556}") = "LoggerService", "LoggerService\LoggerService.csproj", "{AA5FB954-C936-43B2-93A9-3E57265496CE}"
EndProject
Global
	GlobalSection(SolutionConfigurationPlatforms) = preSolution
		Debug|Any CPU = Debug|Any CPU
		Release|Any CPU = Release|Any CPU
	EndGlobalSection
	GlobalSection(ProjectConfigurationPlatforms) = postSolution
		{59BA997D-C7A9-4607-9E9B-79AB3EFAC11D}.Debug|Any CPU.ActiveCfg = Debug|Any CPU
		{59BA997D-C7A9-4607-9E9B-79AB3EFAC11D}.Debug|Any CPU.Build.0 = Debug|Any CPU
		{59BA997D-C7A9-4607-9E9B-79AB3EFAC11D}.Release|Any CPU.ActiveCfg = Release|Any CPU
		{59BA997D-C7A9-4607-9E9B-79AB3EFAC11D}.Release|Any CPU.Build.0 = Release|Any CPU
		{AA5FB954-C936-43B2-93A9-3E57265496CE}.Debug|Any CPU.ActiveCfg = Debug|Any CPU
		{AA5FB954-C936-43B2-93A9-3E57265496CE}.Debug|Any CPU.Build.0 = Debug|Any CPU
		{AA5FB954-C936-43B2-93A9-3E57265496CE}.Release|Any CPU.ActiveCfg = Release|Any CPU
		{AA5FB954-C936-43B2-93A9-3E57265496CE}.Release|Any CPU.Build.0 = Release|Any CPU
	EndGlobalSection
	GlobalSection(SolutionProperties) = preSolution
		HideSolutionNode = FALSE
	EndGlobalSection
	GlobalSection(ExtensibilityGlobals) = postSolution
		SolutionGuid = {8F67D5AE-028A-47C4-A304-59242863B7BF}
	EndGlobalSection
EndGlobal
